
Microsoft Visual Studio Solution File, Format Version 12.00
# Visual Studio 15
VisualStudioVersion = 15.0.28307.136
MinimumVisualStudioVersion = 10.0.40219.1
Project("{FAE04EC0-301F-11D3-BF4B-00C04F79EFBC}") = "Grades", "Grades\Grades.csproj", "{3FCD14CE-09A7-42D1-BFC5-55C939EA767E}"
EndProject
Global
	GlobalSection(SolutionConfigurationPlatforms) = preSolution
		Debug|Any CPU = Debug|Any CPU
		Release|Any CPU = Release|Any CPU
	EndGlobalSection
	GlobalSection(ProjectConfigurationPlatforms) = postSolution
		{3FCD14CE-09A7-42D1-BFC5-55C939EA767E}.Debug|Any CPU.ActiveCfg = Debug|Any CPU
		{3FCD14CE-09A7-42D1-BFC5-55C939EA767E}.Debug|Any CPU.Build.0 = Debug|Any CPU
		{3FCD14CE-09A7-42D1-BFC5-55C939EA767E}.Release|Any CPU.ActiveCfg = Release|Any CPU
		{3FCD14CE-09A7-42D1-BFC5-55C939EA767E}.Release|Any CPU.Build.0 = Release|Any CPU
	EndGlobalSection
	GlobalSection(SolutionProperties) = preSolution
		HideSolutionNode = FALSE
	EndGlobalSection
	GlobalSection(ExtensibilityGlobals) = postSolution
		SolutionGuid = {6FDE438B-6A1C-4B1E-BB92-083C50FB6E95}
	EndGlobalSection
EndGlobal
